
Microsoft Visual Studio Solution File, Format Version 12.00
# Visual Studio Version 17
VisualStudioVersion = 17.10.35027.167
MinimumVisualStudioVersion = 10.0.40219.1
Project("{9A19103F-16F7-4668-BE54-9A1E7A4F7556}") = "Mi primer codigo", "Mi primer codigo\Mi primer codigo.csproj", "{FCE36189-78F2-46ED-A0DA-C40470A73D48}"
EndProject
Project("{9A19103F-16F7-4668-BE54-9A1E7A4F7556}") = "Segundo codigo", "Segundo codigo\Segundo codigo.csproj", "{490EEDCC-0FEF-4D45-8DF4-4482431D9BEB}"
EndProject
Project("{9A19103F-16F7-4668-BE54-9A1E7A4F7556}") = "EjerciciosComplementarios-EstructurasDeControl", "EjerciciosComplementarios-EstructurasDeControl\EjerciciosComplementarios-EstructurasDeControl.csproj", "{A43608D4-9C43-4A86-B4DF-BEF45353181E}"
EndProject
Project("{9A19103F-16F7-4668-BE54-9A1E7A4F7556}") = "Modulo 2 - Ejercicio Obligatorio", "Modulo 2 - Ejercicio Obligatorio\Modulo 2 - Ejercicio Obligatorio.csproj", "{C1C9C627-B109-4C21-8881-B893ED4913E5}"
EndProject
Project("{9A19103F-16F7-4668-BE54-9A1E7A4F7556}") = "Modulo3 Obligatorio", "Modulo3 Obligatorio\Modulo3 Obligatorio.csproj", "{8BF8AE7C-982B-4BAA-BE07-115E1E743C9C}"
EndProject
Global
	GlobalSection(SolutionConfigurationPlatforms) = preSolution
		Debug|Any CPU = Debug|Any CPU
		Release|Any CPU = Release|Any CPU
	EndGlobalSection
	GlobalSection(ProjectConfigurationPlatforms) = postSolution
		{FCE36189-78F2-46ED-A0DA-C40470A73D48}.Debug|Any CPU.ActiveCfg = Debug|Any CPU
		{FCE36189-78F2-46ED-A0DA-C40470A73D48}.Debug|Any CPU.Build.0 = Debug|Any CPU
		{FCE36189-78F2-46ED-A0DA-C40470A73D48}.Release|Any CPU.ActiveCfg = Release|Any CPU
		{FCE36189-78F2-46ED-A0DA-C40470A73D48}.Release|Any CPU.Build.0 = Release|Any CPU
		{490EEDCC-0FEF-4D45-8DF4-4482431D9BEB}.Debug|Any CPU.ActiveCfg = Debug|Any CPU
		{490EEDCC-0FEF-4D45-8DF4-4482431D9BEB}.Debug|Any CPU.Build.0 = Debug|Any CPU
		{490EEDCC-0FEF-4D45-8DF4-4482431D9BEB}.Release|Any CPU.ActiveCfg = Release|Any CPU
		{490EEDCC-0FEF-4D45-8DF4-4482431D9BEB}.Release|Any CPU.Build.0 = Release|Any CPU
		{A43608D4-9C43-4A86-B4DF-BEF45353181E}.Debug|Any CPU.ActiveCfg = Debug|Any CPU
		{A43608D4-9C43-4A86-B4DF-BEF45353181E}.Debug|Any CPU.Build.0 = Debug|Any CPU
		{A43608D4-9C43-4A86-B4DF-BEF45353181E}.Release|Any CPU.ActiveCfg = Release|Any CPU
		{A43608D4-9C43-4A86-B4DF-BEF45353181E}.Release|Any CPU.Build.0 = Release|Any CPU
		{C1C9C627-B109-4C21-8881-B893ED4913E5}.Debug|Any CPU.ActiveCfg = Debug|Any CPU
		{C1C9C627-B109-4C21-8881-B893ED4913E5}.Debug|Any CPU.Build.0 = Debug|Any CPU
		{C1C9C627-B109-4C21-8881-B893ED4913E5}.Release|Any CPU.ActiveCfg = Release|Any CPU
		{C1C9C627-B109-4C21-8881-B893ED4913E5}.Release|Any CPU.Build.0 = Release|Any CPU
		{8BF8AE7C-982B-4BAA-BE07-115E1E743C9C}.Debug|Any CPU.ActiveCfg = Debug|Any CPU
		{8BF8AE7C-982B-4BAA-BE07-115E1E743C9C}.Debug|Any CPU.Build.0 = Debug|Any CPU
		{8BF8AE7C-982B-4BAA-BE07-115E1E743C9C}.Release|Any CPU.ActiveCfg = Release|Any CPU
		{8BF8AE7C-982B-4BAA-BE07-115E1E743C9C}.Release|Any CPU.Build.0 = Release|Any CPU
	EndGlobalSection
	GlobalSection(SolutionProperties) = preSolution
		HideSolutionNode = FALSE
	EndGlobalSection
	GlobalSection(ExtensibilityGlobals) = postSolution
		SolutionGuid = {A45CB29D-4F10-4482-B72F-818638CFB335}
	EndGlobalSection
EndGlobal
